
Microsoft Visual Studio Solution File, Format Version 12.00
# Visual Studio Version 16
VisualStudioVersion = 16.0.29306.81
MinimumVisualStudioVersion = 10.0.40219.1
Project("{9A19103F-16F7-4668-BE54-9A1E7A4F7556}") = "Zork", "Zork\Zork.csproj", "{9A5D9734-9F97-44BB-94FE-8E82D8031B0B}"
EndProject
Project("{FAE04EC0-301F-11D3-BF4B-00C04F79EFBC}") = "Zork.Common", "Zork.Common\Zork.Common.csproj", "{47CEAB87-0626-444B-A468-45BCC8C78165}"
EndProject
Global
	GlobalSection(SolutionConfigurationPlatforms) = preSolution
		Debug|Any CPU = Debug|Any CPU
		Release|Any CPU = Release|Any CPU
	EndGlobalSection
	GlobalSection(ProjectConfigurationPlatforms) = postSolution
		{9A5D9734-9F97-44BB-94FE-8E82D8031B0B}.Debug|Any CPU.ActiveCfg = Debug|Any CPU
		{9A5D9734-9F97-44BB-94FE-8E82D8031B0B}.Debug|Any CPU.Build.0 = Debug|Any CPU
		{9A5D9734-9F97-44BB-94FE-8E82D8031B0B}.Release|Any CPU.ActiveCfg = Release|Any CPU
		{9A5D9734-9F97-44BB-94FE-8E82D8031B0B}.Release|Any CPU.Build.0 = Release|Any CPU
		{47CEAB87-0626-444B-A468-45BCC8C78165}.Debug|Any CPU.ActiveCfg = Debug|Any CPU
		{47CEAB87-0626-444B-A468-45BCC8C78165}.Debug|Any CPU.Build.0 = Debug|Any CPU
		{47CEAB87-0626-444B-A468-45BCC8C78165}.Release|Any CPU.ActiveCfg = Release|Any CPU
		{47CEAB87-0626-444B-A468-45BCC8C78165}.Release|Any CPU.Build.0 = Release|Any CPU
	EndGlobalSection
	GlobalSection(SolutionProperties) = preSolution
		HideSolutionNode = FALSE
	EndGlobalSection
	GlobalSection(ExtensibilityGlobals) = postSolution
		SolutionGuid = {50A24CDD-633B-487D-A342-1C66CBC0A260}
	EndGlobalSection
EndGlobal
